
Microsoft Visual Studio Solution File, Format Version 12.00
# Visual Studio Version 17
VisualStudioVersion = 17.8.34330.188
MinimumVisualStudioVersion = 10.0.40219.1
Project("{FAE04EC0-301F-11D3-BF4B-00C04F79EFBC}") = "SSOInformator", "SSOInformator\SSOInformator.csproj", "{662086E4-048A-42F7-A445-B0E46486D404}"
EndProject
Global
	GlobalSection(SolutionConfigurationPlatforms) = preSolution
		Debug|Any CPU = Debug|Any CPU
		Release|Any CPU = Release|Any CPU
	EndGlobalSection
	GlobalSection(ProjectConfigurationPlatforms) = postSolution
		{662086E4-048A-42F7-A445-B0E46486D404}.Debug|Any CPU.ActiveCfg = Debug|Any CPU
		{662086E4-048A-42F7-A445-B0E46486D404}.Debug|Any CPU.Build.0 = Debug|Any CPU
		{662086E4-048A-42F7-A445-B0E46486D404}.Release|Any CPU.ActiveCfg = Release|Any CPU
		{662086E4-048A-42F7-A445-B0E46486D404}.Release|Any CPU.Build.0 = Release|Any CPU
	EndGlobalSection
	GlobalSection(SolutionProperties) = preSolution
		HideSolutionNode = FALSE
	EndGlobalSection
	GlobalSection(ExtensibilityGlobals) = postSolution
		SolutionGuid = {940DB0E0-0DA3-4EA1-A64C-BC8AD4DF8521}
	EndGlobalSection
EndGlobal
